
Microsoft Visual Studio Solution File, Format Version 11.00
# Visual Studio 2010
Project("{FAE04EC0-301F-11D3-BF4B-00C04F79EFBC}") = "CATMuscleFilter", "CATMuscleFilter\CATMuscleFilter.csproj", "{01D02F0C-3141-4B63-88E3-54B9F769316F}"
EndProject
Project("{FAE04EC0-301F-11D3-BF4B-00C04F79EFBC}") = "MaterialMode", "MaterialMode\MaterialMode.csproj", "{83E3DF64-6ADF-4306-98F0-A7BDB2FE12DA}"
EndProject
Project("{FAE04EC0-301F-11D3-BF4B-00C04F79EFBC}") = "ColorTags", "ColorTags\ColorTags.csproj", "{333498F9-25D2-4844-A81D-19E104201D9D}"
EndProject
Project("{FAE04EC0-301F-11D3-BF4B-00C04F79EFBC}") = "TreeNodeButtons", "TreeNodeButtons\TreeNodeButtons.csproj", "{F04022F4-F21E-42F2-865D-0BED07C690E4}"
EndProject
Global
	GlobalSection(SolutionConfigurationPlatforms) = preSolution
		Debug|Any CPU = Debug|Any CPU
		Release|Any CPU = Release|Any CPU
	EndGlobalSection
	GlobalSection(ProjectConfigurationPlatforms) = postSolution
		{01D02F0C-3141-4B63-88E3-54B9F769316F}.Debug|Any CPU.ActiveCfg = Debug|Any CPU
		{01D02F0C-3141-4B63-88E3-54B9F769316F}.Debug|Any CPU.Build.0 = Debug|Any CPU
		{01D02F0C-3141-4B63-88E3-54B9F769316F}.Release|Any CPU.ActiveCfg = Release|Any CPU
		{01D02F0C-3141-4B63-88E3-54B9F769316F}.Release|Any CPU.Build.0 = Release|Any CPU
		{83E3DF64-6ADF-4306-98F0-A7BDB2FE12DA}.Debug|Any CPU.ActiveCfg = Debug|Any CPU
		{83E3DF64-6ADF-4306-98F0-A7BDB2FE12DA}.Debug|Any CPU.Build.0 = Debug|Any CPU
		{83E3DF64-6ADF-4306-98F0-A7BDB2FE12DA}.Release|Any CPU.ActiveCfg = Release|Any CPU
		{83E3DF64-6ADF-4306-98F0-A7BDB2FE12DA}.Release|Any CPU.Build.0 = Release|Any CPU
		{333498F9-25D2-4844-A81D-19E104201D9D}.Debug|Any CPU.ActiveCfg = Debug|Any CPU
		{333498F9-25D2-4844-A81D-19E104201D9D}.Debug|Any CPU.Build.0 = Debug|Any CPU
		{333498F9-25D2-4844-A81D-19E104201D9D}.Release|Any CPU.ActiveCfg = Release|Any CPU
		{333498F9-25D2-4844-A81D-19E104201D9D}.Release|Any CPU.Build.0 = Release|Any CPU
		{F04022F4-F21E-42F2-865D-0BED07C690E4}.Debug|Any CPU.ActiveCfg = Debug|Any CPU
		{F04022F4-F21E-42F2-865D-0BED07C690E4}.Debug|Any CPU.Build.0 = Debug|Any CPU
		{F04022F4-F21E-42F2-865D-0BED07C690E4}.Release|Any CPU.ActiveCfg = Release|Any CPU
		{F04022F4-F21E-42F2-865D-0BED07C690E4}.Release|Any CPU.Build.0 = Release|Any CPU
	EndGlobalSection
	GlobalSection(SolutionProperties) = preSolution
		HideSolutionNode = FALSE
	EndGlobalSection
EndGlobal
