
Microsoft Visual Studio Solution File, Format Version 12.00
# Visual Studio 2012
Project("{FAE04EC0-301F-11D3-BF4B-00C04F79EFBC}") = "CATMuscleFilter", "CATMuscleFilter\CATMuscleFilter.csproj", "{01D02F0C-3141-4B63-88E3-54B9F769316F}"
EndProject
Project("{FAE04EC0-301F-11D3-BF4B-00C04F79EFBC}") = "MaterialMode", "MaterialMode\MaterialMode.csproj", "{83E3DF64-6ADF-4306-98F0-A7BDB2FE12DA}"
EndProject
Project("{FAE04EC0-301F-11D3-BF4B-00C04F79EFBC}") = "ColorTags", "ColorTags\ColorTags.csproj", "{333498F9-25D2-4844-A81D-19E104201D9D}"
EndProject
Project("{FAE04EC0-301F-11D3-BF4B-00C04F79EFBC}") = "TreeNodeButtons", "TreeNodeButtons\TreeNodeButtons.csproj", "{F04022F4-F21E-42F2-865D-0BED07C690E4}"
EndProject
Project("{FAE04EC0-301F-11D3-BF4B-00C04F79EFBC}") = "Filters", "Filters\Filters.csproj", "{AB77D813-2790-42BC-BEA7-840E4286798F}"
EndProject
Project("{FAE04EC0-301F-11D3-BF4B-00C04F79EFBC}") = "HierarchyMode", "HierarchyMode\HierarchyMode.csproj", "{B4B93693-A90B-4BBB-A00E-927F44C875B9}"
EndProject
Project("{FAE04EC0-301F-11D3-BF4B-00C04F79EFBC}") = "FlatObjectListMode", "FlatObjectListMode\FlatObjectListMode.csproj", "{4E931384-7289-42B0-B5AF-CE08F9F1AB7D}"
EndProject
Project("{FAE04EC0-301F-11D3-BF4B-00C04F79EFBC}") = "LayerMode", "LayerMode\LayerMode.csproj", "{3C0E5187-7E46-4753-AFEC-0C2EC08928F2}"
EndProject
Project("{FAE04EC0-301F-11D3-BF4B-00C04F79EFBC}") = "SelectionSetMode", "SelectionSetMode\SelectionSetMode.csproj", "{6A6D2FEC-2E74-4ECE-8A07-4526F552C462}"
EndProject
Project("{FAE04EC0-301F-11D3-BF4B-00C04F79EFBC}") = "NodeSorters", "NodeSorters\NodeSorters.csproj", "{7EC567BF-77F4-4422-A0F6-545F0E3C1B63}"
EndProject
Project("{FAE04EC0-301F-11D3-BF4B-00C04F79EFBC}") = "PolyCount", "PolyCount\PolyCount.csproj", "{2644F454-7D80-4339-8221-7DD5B9213466}"
EndProject
Project("{FAE04EC0-301F-11D3-BF4B-00C04F79EFBC}") = "MaxscriptFilter", "MaxscriptFilter\MaxscriptFilter.csproj", "{26B9A648-410E-4A8D-BFBF-5A174A603DCB}"
EndProject
Global
	GlobalSection(SolutionConfigurationPlatforms) = preSolution
		Debug|Any CPU = Debug|Any CPU
		Release|Any CPU = Release|Any CPU
	EndGlobalSection
	GlobalSection(ProjectConfigurationPlatforms) = postSolution
		{01D02F0C-3141-4B63-88E3-54B9F769316F}.Debug|Any CPU.ActiveCfg = Debug|Any CPU
		{01D02F0C-3141-4B63-88E3-54B9F769316F}.Debug|Any CPU.Build.0 = Debug|Any CPU
		{01D02F0C-3141-4B63-88E3-54B9F769316F}.Release|Any CPU.ActiveCfg = Release|Any CPU
		{01D02F0C-3141-4B63-88E3-54B9F769316F}.Release|Any CPU.Build.0 = Release|Any CPU
		{83E3DF64-6ADF-4306-98F0-A7BDB2FE12DA}.Debug|Any CPU.ActiveCfg = Debug|Any CPU
		{83E3DF64-6ADF-4306-98F0-A7BDB2FE12DA}.Debug|Any CPU.Build.0 = Debug|Any CPU
		{83E3DF64-6ADF-4306-98F0-A7BDB2FE12DA}.Release|Any CPU.ActiveCfg = Release|Any CPU
		{83E3DF64-6ADF-4306-98F0-A7BDB2FE12DA}.Release|Any CPU.Build.0 = Release|Any CPU
		{333498F9-25D2-4844-A81D-19E104201D9D}.Debug|Any CPU.ActiveCfg = Debug|Any CPU
		{333498F9-25D2-4844-A81D-19E104201D9D}.Debug|Any CPU.Build.0 = Debug|Any CPU
		{333498F9-25D2-4844-A81D-19E104201D9D}.Release|Any CPU.ActiveCfg = Release|Any CPU
		{333498F9-25D2-4844-A81D-19E104201D9D}.Release|Any CPU.Build.0 = Release|Any CPU
		{F04022F4-F21E-42F2-865D-0BED07C690E4}.Debug|Any CPU.ActiveCfg = Debug|Any CPU
		{F04022F4-F21E-42F2-865D-0BED07C690E4}.Debug|Any CPU.Build.0 = Debug|Any CPU
		{F04022F4-F21E-42F2-865D-0BED07C690E4}.Release|Any CPU.ActiveCfg = Release|Any CPU
		{F04022F4-F21E-42F2-865D-0BED07C690E4}.Release|Any CPU.Build.0 = Release|Any CPU
		{AB77D813-2790-42BC-BEA7-840E4286798F}.Debug|Any CPU.ActiveCfg = Debug|Any CPU
		{AB77D813-2790-42BC-BEA7-840E4286798F}.Debug|Any CPU.Build.0 = Debug|Any CPU
		{AB77D813-2790-42BC-BEA7-840E4286798F}.Release|Any CPU.ActiveCfg = Release|Any CPU
		{AB77D813-2790-42BC-BEA7-840E4286798F}.Release|Any CPU.Build.0 = Release|Any CPU
		{B4B93693-A90B-4BBB-A00E-927F44C875B9}.Debug|Any CPU.ActiveCfg = Debug|Any CPU
		{B4B93693-A90B-4BBB-A00E-927F44C875B9}.Debug|Any CPU.Build.0 = Debug|Any CPU
		{B4B93693-A90B-4BBB-A00E-927F44C875B9}.Release|Any CPU.ActiveCfg = Release|Any CPU
		{B4B93693-A90B-4BBB-A00E-927F44C875B9}.Release|Any CPU.Build.0 = Release|Any CPU
		{4E931384-7289-42B0-B5AF-CE08F9F1AB7D}.Debug|Any CPU.ActiveCfg = Debug|Any CPU
		{4E931384-7289-42B0-B5AF-CE08F9F1AB7D}.Debug|Any CPU.Build.0 = Debug|Any CPU
		{4E931384-7289-42B0-B5AF-CE08F9F1AB7D}.Release|Any CPU.ActiveCfg = Release|Any CPU
		{4E931384-7289-42B0-B5AF-CE08F9F1AB7D}.Release|Any CPU.Build.0 = Release|Any CPU
		{3C0E5187-7E46-4753-AFEC-0C2EC08928F2}.Debug|Any CPU.ActiveCfg = Debug|Any CPU
		{3C0E5187-7E46-4753-AFEC-0C2EC08928F2}.Debug|Any CPU.Build.0 = Debug|Any CPU
		{3C0E5187-7E46-4753-AFEC-0C2EC08928F2}.Release|Any CPU.ActiveCfg = Release|Any CPU
		{3C0E5187-7E46-4753-AFEC-0C2EC08928F2}.Release|Any CPU.Build.0 = Release|Any CPU
		{6A6D2FEC-2E74-4ECE-8A07-4526F552C462}.Debug|Any CPU.ActiveCfg = Debug|Any CPU
		{6A6D2FEC-2E74-4ECE-8A07-4526F552C462}.Debug|Any CPU.Build.0 = Debug|Any CPU
		{6A6D2FEC-2E74-4ECE-8A07-4526F552C462}.Release|Any CPU.ActiveCfg = Release|Any CPU
		{6A6D2FEC-2E74-4ECE-8A07-4526F552C462}.Release|Any CPU.Build.0 = Release|Any CPU
		{7EC567BF-77F4-4422-A0F6-545F0E3C1B63}.Debug|Any CPU.ActiveCfg = Debug|Any CPU
		{7EC567BF-77F4-4422-A0F6-545F0E3C1B63}.Debug|Any CPU.Build.0 = Debug|Any CPU
		{7EC567BF-77F4-4422-A0F6-545F0E3C1B63}.Release|Any CPU.ActiveCfg = Release|Any CPU
		{7EC567BF-77F4-4422-A0F6-545F0E3C1B63}.Release|Any CPU.Build.0 = Release|Any CPU
		{2644F454-7D80-4339-8221-7DD5B9213466}.Debug|Any CPU.ActiveCfg = Debug|Any CPU
		{2644F454-7D80-4339-8221-7DD5B9213466}.Debug|Any CPU.Build.0 = Debug|Any CPU
		{2644F454-7D80-4339-8221-7DD5B9213466}.Release|Any CPU.ActiveCfg = Release|Any CPU
		{2644F454-7D80-4339-8221-7DD5B9213466}.Release|Any CPU.Build.0 = Release|Any CPU
		{26B9A648-410E-4A8D-BFBF-5A174A603DCB}.Debug|Any CPU.ActiveCfg = Debug|Any CPU
		{26B9A648-410E-4A8D-BFBF-5A174A603DCB}.Debug|Any CPU.Build.0 = Debug|Any CPU
		{26B9A648-410E-4A8D-BFBF-5A174A603DCB}.Release|Any CPU.ActiveCfg = Release|Any CPU
		{26B9A648-410E-4A8D-BFBF-5A174A603DCB}.Release|Any CPU.Build.0 = Release|Any CPU
	EndGlobalSection
	GlobalSection(SolutionProperties) = preSolution
		HideSolutionNode = FALSE
	EndGlobalSection
	GlobalSection(ExtensibilityGlobals) = postSolution
		BuildVersion_UseGlobalSettings = False
		BuildVersion_ConfigurationName = Any
	EndGlobalSection
EndGlobal
