
Microsoft Visual Studio Solution File, Format Version 12.00
# Visual Studio 2012
Project("{FAE04EC0-301F-11D3-BF4B-00C04F79EFBC}") = "Outliner.Core", "Outliner.Core\Outliner.Core.csproj", "{AA8562B6-988F-4AFE-94EB-BF2FD64BE93E}"
EndProject
Project("{FAE04EC0-301F-11D3-BF4B-00C04F79EFBC}") = "Outliner.Tests", "Outliner.Tests\Outliner.Tests.csproj", "{D60C045D-0975-4647-8637-8DFAA67F9EAF}"
EndProject
Project("{2150E333-8FDC-42A3-9474-1A3956D46DE8}") = "Solution Items", "Solution Items", "{87EA806E-0B5B-4F26-8633-A72262A17D09}"
	ProjectSection(SolutionItems) = preProject
		Local.testsettings = Local.testsettings
		OutlinerCore.vsmdi = OutlinerCore.vsmdi
		TraceAndTestImpact.testsettings = TraceAndTestImpact.testsettings
	EndProjectSection
EndProject
Project("{FAE04EC0-301F-11D3-BF4B-00C04F79EFBC}") = "TestForm", "TestForm\TestForm.csproj", "{113DB308-1548-4880-9011-980EE7D91FB2}"
EndProject
Project("{FAE04EC0-301F-11D3-BF4B-00C04F79EFBC}") = "Outliner.LayerTools", "Outliner.LayerTools\Outliner.LayerTools.csproj", "{D89AAF44-43BA-48F2-BEEC-852FC3AB4655}"
EndProject
Project("{FAE04EC0-301F-11D3-BF4B-00C04F79EFBC}") = "Outliner.MaxUtils", "Outliner.MaxUtils\Outliner.MaxUtils.csproj", "{0CA16252-FD2C-4078-819F-C9ABD2735765}"
EndProject
Project("{54435603-DBB4-11D2-8724-00A0C9A8B90C}") = "CoreInstaller", "CoreInstaller\CoreInstaller.vdproj", "{16F3811B-E2D7-412A-804C-09A1FD58D200}"
EndProject
Project("{FAE04EC0-301F-11D3-BF4B-00C04F79EFBC}") = "Installer", "Installer\Installer.csproj", "{6233CC63-823A-441B-AD93-A40E73E77EA2}"
EndProject
Project("{FAE04EC0-301F-11D3-BF4B-00C04F79EFBC}") = "CoreInstallerCustomActions", "CoreInstallerCustomActions\CoreInstallerCustomActions.csproj", "{68D43806-884D-4690-9A62-E53D52F11D29}"
EndProject
Project("{FAE04EC0-301F-11D3-BF4B-00C04F79EFBC}") = "Outliner.IntegrationTests", "Outliner.IntegrationTests\Outliner.IntegrationTests.csproj", "{2F3227EE-79CB-464B-B9ED-346C71F3EE88}"
EndProject
Global
	GlobalSection(TestCaseManagementSettings) = postSolution
		CategoryFile = OutlinerCore.vsmdi
	EndGlobalSection
	GlobalSection(SolutionConfigurationPlatforms) = preSolution
		Debug|Any CPU = Debug|Any CPU
		Debug|Mixed Platforms = Debug|Mixed Platforms
		Debug|x64 = Debug|x64
		Debug|x86 = Debug|x86
		Release|Any CPU = Release|Any CPU
		Release|Mixed Platforms = Release|Mixed Platforms
		Release|x64 = Release|x64
		Release|x86 = Release|x86
	EndGlobalSection
	GlobalSection(ProjectConfigurationPlatforms) = postSolution
		{AA8562B6-988F-4AFE-94EB-BF2FD64BE93E}.Debug|Any CPU.ActiveCfg = Debug|Any CPU
		{AA8562B6-988F-4AFE-94EB-BF2FD64BE93E}.Debug|Any CPU.Build.0 = Debug|Any CPU
		{AA8562B6-988F-4AFE-94EB-BF2FD64BE93E}.Debug|Mixed Platforms.ActiveCfg = Debug|x86
		{AA8562B6-988F-4AFE-94EB-BF2FD64BE93E}.Debug|Mixed Platforms.Build.0 = Debug|x86
		{AA8562B6-988F-4AFE-94EB-BF2FD64BE93E}.Debug|x64.ActiveCfg = Debug|x64
		{AA8562B6-988F-4AFE-94EB-BF2FD64BE93E}.Debug|x64.Build.0 = Debug|x64
		{AA8562B6-988F-4AFE-94EB-BF2FD64BE93E}.Debug|x86.ActiveCfg = Debug|x86
		{AA8562B6-988F-4AFE-94EB-BF2FD64BE93E}.Debug|x86.Build.0 = Debug|x86
		{AA8562B6-988F-4AFE-94EB-BF2FD64BE93E}.Release|Any CPU.ActiveCfg = Release|Any CPU
		{AA8562B6-988F-4AFE-94EB-BF2FD64BE93E}.Release|Any CPU.Build.0 = Release|Any CPU
		{AA8562B6-988F-4AFE-94EB-BF2FD64BE93E}.Release|Mixed Platforms.ActiveCfg = Release|x86
		{AA8562B6-988F-4AFE-94EB-BF2FD64BE93E}.Release|Mixed Platforms.Build.0 = Release|x86
		{AA8562B6-988F-4AFE-94EB-BF2FD64BE93E}.Release|x64.ActiveCfg = Release|x64
		{AA8562B6-988F-4AFE-94EB-BF2FD64BE93E}.Release|x64.Build.0 = Release|x64
		{AA8562B6-988F-4AFE-94EB-BF2FD64BE93E}.Release|x86.ActiveCfg = Release|x86
		{AA8562B6-988F-4AFE-94EB-BF2FD64BE93E}.Release|x86.Build.0 = Release|x86
		{D60C045D-0975-4647-8637-8DFAA67F9EAF}.Debug|Any CPU.ActiveCfg = Debug|Any CPU
		{D60C045D-0975-4647-8637-8DFAA67F9EAF}.Debug|Any CPU.Build.0 = Debug|Any CPU
		{D60C045D-0975-4647-8637-8DFAA67F9EAF}.Debug|Mixed Platforms.ActiveCfg = Debug|x86
		{D60C045D-0975-4647-8637-8DFAA67F9EAF}.Debug|Mixed Platforms.Build.0 = Debug|x86
		{D60C045D-0975-4647-8637-8DFAA67F9EAF}.Debug|x64.ActiveCfg = Debug|x64
		{D60C045D-0975-4647-8637-8DFAA67F9EAF}.Debug|x64.Build.0 = Debug|x64
		{D60C045D-0975-4647-8637-8DFAA67F9EAF}.Debug|x86.ActiveCfg = Debug|x86
		{D60C045D-0975-4647-8637-8DFAA67F9EAF}.Debug|x86.Build.0 = Debug|x86
		{D60C045D-0975-4647-8637-8DFAA67F9EAF}.Release|Any CPU.ActiveCfg = Release|Any CPU
		{D60C045D-0975-4647-8637-8DFAA67F9EAF}.Release|Any CPU.Build.0 = Release|Any CPU
		{D60C045D-0975-4647-8637-8DFAA67F9EAF}.Release|Mixed Platforms.ActiveCfg = Release|x86
		{D60C045D-0975-4647-8637-8DFAA67F9EAF}.Release|Mixed Platforms.Build.0 = Release|x86
		{D60C045D-0975-4647-8637-8DFAA67F9EAF}.Release|x64.ActiveCfg = Release|x64
		{D60C045D-0975-4647-8637-8DFAA67F9EAF}.Release|x64.Build.0 = Release|x64
		{D60C045D-0975-4647-8637-8DFAA67F9EAF}.Release|x86.ActiveCfg = Release|x86
		{D60C045D-0975-4647-8637-8DFAA67F9EAF}.Release|x86.Build.0 = Release|x86
		{113DB308-1548-4880-9011-980EE7D91FB2}.Debug|Any CPU.ActiveCfg = Debug|Any CPU
		{113DB308-1548-4880-9011-980EE7D91FB2}.Debug|Mixed Platforms.ActiveCfg = Debug|x64
		{113DB308-1548-4880-9011-980EE7D91FB2}.Debug|Mixed Platforms.Build.0 = Debug|x64
		{113DB308-1548-4880-9011-980EE7D91FB2}.Debug|x64.ActiveCfg = Debug|x64
		{113DB308-1548-4880-9011-980EE7D91FB2}.Debug|x86.ActiveCfg = Debug|x86
		{113DB308-1548-4880-9011-980EE7D91FB2}.Release|Any CPU.ActiveCfg = Release|Any CPU
		{113DB308-1548-4880-9011-980EE7D91FB2}.Release|Mixed Platforms.ActiveCfg = Release|x64
		{113DB308-1548-4880-9011-980EE7D91FB2}.Release|Mixed Platforms.Build.0 = Release|x64
		{113DB308-1548-4880-9011-980EE7D91FB2}.Release|x64.ActiveCfg = Release|x64
		{113DB308-1548-4880-9011-980EE7D91FB2}.Release|x86.ActiveCfg = Release|x86
		{D89AAF44-43BA-48F2-BEEC-852FC3AB4655}.Debug|Any CPU.ActiveCfg = Debug|Any CPU
		{D89AAF44-43BA-48F2-BEEC-852FC3AB4655}.Debug|Any CPU.Build.0 = Debug|Any CPU
		{D89AAF44-43BA-48F2-BEEC-852FC3AB4655}.Debug|Mixed Platforms.ActiveCfg = Debug|x86
		{D89AAF44-43BA-48F2-BEEC-852FC3AB4655}.Debug|Mixed Platforms.Build.0 = Debug|x86
		{D89AAF44-43BA-48F2-BEEC-852FC3AB4655}.Debug|x64.ActiveCfg = Debug|x64
		{D89AAF44-43BA-48F2-BEEC-852FC3AB4655}.Debug|x64.Build.0 = Debug|x64
		{D89AAF44-43BA-48F2-BEEC-852FC3AB4655}.Debug|x86.ActiveCfg = Debug|x86
		{D89AAF44-43BA-48F2-BEEC-852FC3AB4655}.Debug|x86.Build.0 = Debug|x86
		{D89AAF44-43BA-48F2-BEEC-852FC3AB4655}.Release|Any CPU.ActiveCfg = Release|Any CPU
		{D89AAF44-43BA-48F2-BEEC-852FC3AB4655}.Release|Any CPU.Build.0 = Release|Any CPU
		{D89AAF44-43BA-48F2-BEEC-852FC3AB4655}.Release|Mixed Platforms.ActiveCfg = Release|x86
		{D89AAF44-43BA-48F2-BEEC-852FC3AB4655}.Release|Mixed Platforms.Build.0 = Release|x86
		{D89AAF44-43BA-48F2-BEEC-852FC3AB4655}.Release|x64.ActiveCfg = Release|x64
		{D89AAF44-43BA-48F2-BEEC-852FC3AB4655}.Release|x64.Build.0 = Release|x64
		{D89AAF44-43BA-48F2-BEEC-852FC3AB4655}.Release|x86.ActiveCfg = Release|x86
		{D89AAF44-43BA-48F2-BEEC-852FC3AB4655}.Release|x86.Build.0 = Release|x86
		{0CA16252-FD2C-4078-819F-C9ABD2735765}.Debug|Any CPU.ActiveCfg = Debug|Any CPU
		{0CA16252-FD2C-4078-819F-C9ABD2735765}.Debug|Any CPU.Build.0 = Debug|Any CPU
		{0CA16252-FD2C-4078-819F-C9ABD2735765}.Debug|Mixed Platforms.ActiveCfg = Debug|x86
		{0CA16252-FD2C-4078-819F-C9ABD2735765}.Debug|Mixed Platforms.Build.0 = Debug|x86
		{0CA16252-FD2C-4078-819F-C9ABD2735765}.Debug|x64.ActiveCfg = Debug|x64
		{0CA16252-FD2C-4078-819F-C9ABD2735765}.Debug|x64.Build.0 = Debug|x64
		{0CA16252-FD2C-4078-819F-C9ABD2735765}.Debug|x86.ActiveCfg = Debug|x86
		{0CA16252-FD2C-4078-819F-C9ABD2735765}.Debug|x86.Build.0 = Debug|x86
		{0CA16252-FD2C-4078-819F-C9ABD2735765}.Release|Any CPU.ActiveCfg = Release|Any CPU
		{0CA16252-FD2C-4078-819F-C9ABD2735765}.Release|Any CPU.Build.0 = Release|Any CPU
		{0CA16252-FD2C-4078-819F-C9ABD2735765}.Release|Mixed Platforms.ActiveCfg = Release|x86
		{0CA16252-FD2C-4078-819F-C9ABD2735765}.Release|Mixed Platforms.Build.0 = Release|x86
		{0CA16252-FD2C-4078-819F-C9ABD2735765}.Release|x64.ActiveCfg = Release|x64
		{0CA16252-FD2C-4078-819F-C9ABD2735765}.Release|x64.Build.0 = Release|x64
		{0CA16252-FD2C-4078-819F-C9ABD2735765}.Release|x86.ActiveCfg = Release|x86
		{0CA16252-FD2C-4078-819F-C9ABD2735765}.Release|x86.Build.0 = Release|x86
		{16F3811B-E2D7-412A-804C-09A1FD58D200}.Debug|Any CPU.ActiveCfg = Debug
		{16F3811B-E2D7-412A-804C-09A1FD58D200}.Debug|Mixed Platforms.ActiveCfg = Debug
		{16F3811B-E2D7-412A-804C-09A1FD58D200}.Debug|x64.ActiveCfg = Debug
		{16F3811B-E2D7-412A-804C-09A1FD58D200}.Debug|x86.ActiveCfg = Debug
		{16F3811B-E2D7-412A-804C-09A1FD58D200}.Release|Any CPU.ActiveCfg = Release
		{16F3811B-E2D7-412A-804C-09A1FD58D200}.Release|Mixed Platforms.ActiveCfg = Release
		{16F3811B-E2D7-412A-804C-09A1FD58D200}.Release|x64.ActiveCfg = Release
		{16F3811B-E2D7-412A-804C-09A1FD58D200}.Release|x86.ActiveCfg = Release
		{6233CC63-823A-441B-AD93-A40E73E77EA2}.Debug|Any CPU.ActiveCfg = Debug|x86
		{6233CC63-823A-441B-AD93-A40E73E77EA2}.Debug|Mixed Platforms.ActiveCfg = Debug|x86
		{6233CC63-823A-441B-AD93-A40E73E77EA2}.Debug|Mixed Platforms.Build.0 = Debug|x86
		{6233CC63-823A-441B-AD93-A40E73E77EA2}.Debug|x64.ActiveCfg = Debug|x86
		{6233CC63-823A-441B-AD93-A40E73E77EA2}.Debug|x86.ActiveCfg = Debug|x86
		{6233CC63-823A-441B-AD93-A40E73E77EA2}.Debug|x86.Build.0 = Debug|x86
		{6233CC63-823A-441B-AD93-A40E73E77EA2}.Release|Any CPU.ActiveCfg = Release|x86
		{6233CC63-823A-441B-AD93-A40E73E77EA2}.Release|Mixed Platforms.ActiveCfg = Release|x86
		{6233CC63-823A-441B-AD93-A40E73E77EA2}.Release|Mixed Platforms.Build.0 = Release|x86
		{6233CC63-823A-441B-AD93-A40E73E77EA2}.Release|x64.ActiveCfg = Release|x86
		{6233CC63-823A-441B-AD93-A40E73E77EA2}.Release|x86.ActiveCfg = Release|x86
		{6233CC63-823A-441B-AD93-A40E73E77EA2}.Release|x86.Build.0 = Release|x86
		{68D43806-884D-4690-9A62-E53D52F11D29}.Debug|Any CPU.ActiveCfg = Debug|Any CPU
		{68D43806-884D-4690-9A62-E53D52F11D29}.Debug|Any CPU.Build.0 = Debug|Any CPU
		{68D43806-884D-4690-9A62-E53D52F11D29}.Debug|Mixed Platforms.ActiveCfg = Debug|Any CPU
		{68D43806-884D-4690-9A62-E53D52F11D29}.Debug|Mixed Platforms.Build.0 = Debug|Any CPU
		{68D43806-884D-4690-9A62-E53D52F11D29}.Debug|x64.ActiveCfg = Debug|Any CPU
		{68D43806-884D-4690-9A62-E53D52F11D29}.Debug|x86.ActiveCfg = Debug|Any CPU
		{68D43806-884D-4690-9A62-E53D52F11D29}.Release|Any CPU.ActiveCfg = Release|Any CPU
		{68D43806-884D-4690-9A62-E53D52F11D29}.Release|Any CPU.Build.0 = Release|Any CPU
		{68D43806-884D-4690-9A62-E53D52F11D29}.Release|Mixed Platforms.ActiveCfg = Release|Any CPU
		{68D43806-884D-4690-9A62-E53D52F11D29}.Release|Mixed Platforms.Build.0 = Release|Any CPU
		{68D43806-884D-4690-9A62-E53D52F11D29}.Release|x64.ActiveCfg = Release|Any CPU
		{68D43806-884D-4690-9A62-E53D52F11D29}.Release|x86.ActiveCfg = Release|Any CPU
		{2F3227EE-79CB-464B-B9ED-346C71F3EE88}.Debug|Any CPU.ActiveCfg = Debug|Any CPU
		{2F3227EE-79CB-464B-B9ED-346C71F3EE88}.Debug|Any CPU.Build.0 = Debug|Any CPU
		{2F3227EE-79CB-464B-B9ED-346C71F3EE88}.Debug|Mixed Platforms.ActiveCfg = Debug|Any CPU
		{2F3227EE-79CB-464B-B9ED-346C71F3EE88}.Debug|Mixed Platforms.Build.0 = Debug|Any CPU
		{2F3227EE-79CB-464B-B9ED-346C71F3EE88}.Debug|x64.ActiveCfg = Debug|Any CPU
		{2F3227EE-79CB-464B-B9ED-346C71F3EE88}.Debug|x86.ActiveCfg = Debug|Any CPU
		{2F3227EE-79CB-464B-B9ED-346C71F3EE88}.Release|Any CPU.ActiveCfg = Release|Any CPU
		{2F3227EE-79CB-464B-B9ED-346C71F3EE88}.Release|Any CPU.Build.0 = Release|Any CPU
		{2F3227EE-79CB-464B-B9ED-346C71F3EE88}.Release|Mixed Platforms.ActiveCfg = Release|Any CPU
		{2F3227EE-79CB-464B-B9ED-346C71F3EE88}.Release|Mixed Platforms.Build.0 = Release|Any CPU
		{2F3227EE-79CB-464B-B9ED-346C71F3EE88}.Release|x64.ActiveCfg = Release|Any CPU
		{2F3227EE-79CB-464B-B9ED-346C71F3EE88}.Release|x86.ActiveCfg = Release|Any CPU
	EndGlobalSection
	GlobalSection(SolutionProperties) = preSolution
		HideSolutionNode = FALSE
	EndGlobalSection
EndGlobal
